{
    "_meta": {
        "hash": {
            "sha256": "388b567e3493235cc64f444e5ba98aa3b42b6b45e7533a5cbda9dd6bc932b494"
        },
        "host-environment-markers": {
            "implementation_name": "cpython",
            "implementation_version": "3.6.2",
            "os_name": "posix",
            "platform_machine": "x86_64",
            "platform_python_implementation": "CPython",
            "platform_release": "17.3.0",
            "platform_system": "Darwin",
            "platform_version": "Darwin Kernel Version 17.3.0: Thu Nov  9 18:09:22 PST 2017; root:xnu-4570.31.3~1/RELEASE_X86_64",
            "python_full_version": "3.6.2",
            "python_version": "3.6",
            "sys_platform": "darwin"
        },
        "pipfile-spec": 6,
        "requires": {},
        "sources": [
            {
                "name": "pypi",
                "url": "https://pypi.python.org/simple",
                "verify_ssl": true
            }
        ]
    },
    "default": {
        "args": {
            "hashes": [],
            "version": "==0.1.0"
        },
        "backports.weakref": {
            "hashes": [],
            "version": "==1.0.post1"
        },
        "bleach": {
            "hashes": [],
            "version": "==1.5.0"
        },
        "certifi": {
            "hashes": [],
            "version": "==2017.11.5"
        },
        "chardet": {
            "hashes": [],
            "version": "==3.0.4"
        },
        "click": {
            "hashes": [],
            "version": "==6.7"
        },
        "clint": {
            "hashes": [],
            "version": "==0.5.1"
        },
        "colorama": {
            "hashes": [],
            "version": "==0.3.9"
        },
        "colored-traceback": {
            "hashes": [],
            "version": "==0.3.0"
        },
        "coloredlogs": {
            "hashes": [],
            "version": "==8.0"
        },
        "contextlib2": {
            "hashes": [],
            "markers": "python_version < '3.2'",
            "version": "==0.5.5"
        },
        "enum34": {
            "hashes": [],
            "version": "==1.1.6"
        },
        "floyd-cli": {
            "hashes": [],
            "version": "==0.10.29"
        },
        "funcsigs": {
            "hashes": [],
            "markers": "python_version < '3.3'",
            "version": "==1.0.2"
        },
        "futures": {
            "hashes": [],
            "markers": "python_version < '3.2'",
            "version": "==3.1.1"
        },
        "h5py": {
            "hashes": [],
            "version": "==2.7.1"
        },
        "html5lib": {
            "hashes": [],
            "version": "==0.9999999"
        },
        "humanfriendly": {
            "hashes": [],
            "version": "==4.7"
        },
        "idna": {
            "hashes": [],
            "version": "==2.6"
        },
        "keras": {
            "hashes": [],
            "version": "==2.1.2"
        },
        "lazy": {
            "hashes": [],
            "version": "==1.3"
        },
        "markdown": {
            "hashes": [],
            "version": "==2.6.11"
        },
        "marshmallow": {
            "hashes": [],
            "version": "==2.15.0"
        },
        "mock": {
            "hashes": [],
            "version": "==2.0.0"
        },
        "monotonic": {
            "hashes": [],
            "markers": "python_version == '2.6' or python_version == '2.7' or python_version == '3.0' or python_version == '3.1' or python_version == '3.2'",
            "version": "==1.4"
        },
        "more-itertools": {
            "hashes": [],
            "version": "==4.0.1"
        },
        "neo4j-driver": {
            "hashes": [],
            "version": "==1.5.3"
        },
        "numpy": {
            "hashes": [],
            "version": "==1.14.0"
        },
        "pathlib2": {
            "hashes": [],
            "version": "==2.3.0"
        },
        "pbr": {
            "hashes": [],
            "version": "==3.1.1"
        },
        "protobuf": {
            "hashes": [],
            "version": "==3.5.1"
        },
        "pygments": {
            "hashes": [],
            "version": "==2.2.0"
        },
        "pytz": {
            "hashes": [],
            "version": "==2017.3"
        },
        "pyyaml": {
            "hashes": [],
            "version": "==3.12"
        },
        "raven": {
            "hashes": [],
            "version": "==6.4.0"
        },
        "recurrentshop": {
            "git": "https://github.com/datalogai/recurrentshop.git"
        },
        "requests": {
            "hashes": [],
            "version": "==2.18.4"
        },
        "requests-toolbelt": {
            "hashes": [],
            "version": "==0.8.0"
        },
        "scandir": {
            "hashes": [],
            "markers": "python_version < '3.5'",
            "version": "==1.6"
        },
        "scikit-learn": {
            "hashes": [],
            "version": "==0.19.1"
        },
        "scipy": {
            "hashes": [],
            "version": "==1.0.0"
        },
        "six": {
            "hashes": [],
            "version": "==1.11.0"
        },
        "sklearn": {
            "hashes": [],
            "version": "==0.0"
        },
        "tabulate": {
            "hashes": [],
            "version": "==0.8.2"
        },
        "tensorflow": {
            "hashes": [],
            "version": "==1.4.1"
        },
        "tensorflow-tensorboard": {
            "hashes": [],
            "version": "==0.4.0rc3"
        },
        "tqdm": {
            "hashes": [],
            "version": "==4.19.5"
        },
        "urllib3": {
            "hashes": [],
            "version": "==1.22"
        },
        "werkzeug": {
            "hashes": [],
            "version": "==0.14.1"
        },
        "wheel": {
            "hashes": [],
            "version": "==0.30.0"
        }
    },
    "develop": {}
}
